// !$*UTF8*$!
{
	archiveVersion = 1;
	classes = {
	};
	objectVersion = 46;
	objects = {

/* Begin PBXBuildFile section */
		931263491BAB9AB900498149 /* AppDelegate.swift in Sources */ = {isa = PBXBuildFile; fileRef = 931263481BAB9AB900498149 /* AppDelegate.swift */; };
		9312634B1BAB9AB900498149 /* GameScene.sks in Resources */ = {isa = PBXBuildFile; fileRef = 9312634A1BAB9AB900498149 /* GameScene.sks */; };
		9312634D1BAB9AB900498149 /* GameScene.swift in Sources */ = {isa = PBXBuildFile; fileRef = 9312634C1BAB9AB900498149 /* GameScene.swift */; };
		9312634F1BAB9AB900498149 /* GameViewController.swift in Sources */ = {isa = PBXBuildFile; fileRef = 9312634E1BAB9AB900498149 /* GameViewController.swift */; };
		931263521BAB9AB900498149 /* Main.storyboard in Resources */ = {isa = PBXBuildFile; fileRef = 931263501BAB9AB900498149 /* Main.storyboard */; };
		931263541BAB9AB900498149 /* Assets.xcassets in Resources */ = {isa = PBXBuildFile; fileRef = 931263531BAB9AB900498149 /* Assets.xcassets */; };
		931263571BAB9AB900498149 /* LaunchScreen.storyboard in Resources */ = {isa = PBXBuildFile; fileRef = 931263551BAB9AB900498149 /* LaunchScreen.storyboard */; };
		931263621BAB9AB900498149 /* flappy_birdTests.swift in Sources */ = {isa = PBXBuildFile; fileRef = 931263611BAB9AB900498149 /* flappy_birdTests.swift */; };
		9312636D1BAB9AB900498149 /* flappy_birdUITests.swift in Sources */ = {isa = PBXBuildFile; fileRef = 9312636C1BAB9AB900498149 /* flappy_birdUITests.swift */; };
/* End PBXBuildFile section */

/* Begin PBXContainerItemProxy section */
		9312635E1BAB9AB900498149 /* PBXContainerItemProxy */ = {
			isa = PBXContainerItemProxy;
			containerPortal = 9312633D1BAB9AB900498149 /* Project object */;
			proxyType = 1;
			remoteGlobalIDString = 931263441BAB9AB900498149;
			remoteInfo = "flappy bird";
		};
		931263691BAB9AB900498149 /* PBXContainerItemProxy */ = {
			isa = PBXContainerItemProxy;
			containerPortal = 9312633D1BAB9AB900498149 /* Project object */;
			proxyType = 1;
			remoteGlobalIDString = 931263441BAB9AB900498149;
			remoteInfo = "flappy bird";
		};
/* End PBXContainerItemProxy section */

/* Begin PBXFileReference section */
		931263451BAB9AB900498149 /* flappy bird.app */ = {isa = PBXFileReference; explicitFileType = wrapper.application; includeInIndex = 0; path = "flappy bird.app"; sourceTree = BUILT_PRODUCTS_DIR; };
		931263481BAB9AB900498149 /* AppDelegate.swift */ = {isa = PBXFileReference; lastKnownFileType = sourcecode.swift; path = AppDelegate.swift; sourceTree = "<group>"; };
		9312634A1BAB9AB900498149 /* GameScene.sks */ = {isa = PBXFileReference; lastKnownFileType = file.sks; path = GameScene.sks; sourceTree = "<group>"; };
		9312634C1BAB9AB900498149 /* GameScene.swift */ = {isa = PBXFileReference; lastKnownFileType = sourcecode.swift; path = GameScene.swift; sourceTree = "<group>"; };
		9312634E1BAB9AB900498149 /* GameViewController.swift */ = {isa = PBXFileReference; lastKnownFileType = sourcecode.swift; path = GameViewController.swift; sourceTree = "<group>"; };
		931263511BAB9AB900498149 /* Base */ = {isa = PBXFileReference; lastKnownFileType = file.storyboard; name = Base; path = Base.lproj/Main.storyboard; sourceTree = "<group>"; };
		931263531BAB9AB900498149 /* Assets.xcassets */ = {isa = PBXFileReference; lastKnownFileType = folder.assetcatalog; path = Assets.xcassets; sourceTree = "<group>"; };
		931263561BAB9AB900498149 /* Base */ = {isa = PBXFileReference; lastKnownFileType = file.storyboard; name = Base; path = Base.lproj/LaunchScreen.storyboard; sourceTree = "<group>"; };
		931263581BAB9AB900498149 /* Info.plist */ = {isa = PBXFileReference; lastKnownFileType = text.plist.xml; path = Info.plist; sourceTree = "<group>"; };
		9312635D1BAB9AB900498149 /* flappy birdTests.xctest */ = {isa = PBXFileReference; explicitFileType = wrapper.cfbundle; includeInIndex = 0; path = "flappy birdTests.xctest"; sourceTree = BUILT_PRODUCTS_DIR; };
		931263611BAB9AB900498149 /* flappy_birdTests.swift */ = {isa = PBXFileReference; lastKnownFileType = sourcecode.swift; path = flappy_birdTests.swift; sourceTree = "<group>"; };
		931263631BAB9AB900498149 /* Info.plist */ = {isa = PBXFileReference; lastKnownFileType = text.plist.xml; path = Info.plist; sourceTree = "<group>"; };
		931263681BAB9AB900498149 /* flappy birdUITests.xctest */ = {isa = PBXFileReference; explicitFileType = wrapper.cfbundle; includeInIndex = 0; path = "flappy birdUITests.xctest"; sourceTree = BUILT_PRODUCTS_DIR; };
		9312636C1BAB9AB900498149 /* flappy_birdUITests.swift */ = {isa = PBXFileReference; lastKnownFileType = sourcecode.swift; path = flappy_birdUITests.swift; sourceTree = "<group>"; };
		9312636E1BAB9AB900498149 /* Info.plist */ = {isa = PBXFileReference; lastKnownFileType = text.plist.xml; path = Info.plist; sourceTree = "<group>"; };
/* End PBXFileReference section */

/* Begin PBXFrameworksBuildPhase section */
		931263421BAB9AB900498149 /* Frameworks */ = {
			isa = PBXFrameworksBuildPhase;
			buildActionMask = 2147483647;
			files = (
			);
			runOnlyForDeploymentPostprocessing = 0;
		};
		9312635A1BAB9AB900498149 /* Frameworks */ = {
			isa = PBXFrameworksBuildPhase;
			buildActionMask = 2147483647;
			files = (
			);
			runOnlyForDeploymentPostprocessing = 0;
		};
		931263651BAB9AB900498149 /* Frameworks */ = {
			isa = PBXFrameworksBuildPhase;
			buildActionMask = 2147483647;
			files = (
			);
			runOnlyForDeploymentPostprocessing = 0;
		};
/* End PBXFrameworksBuildPhase section */

/* Begin PBXGroup section */
		9312633C1BAB9AB900498149 = {
			isa = PBXGroup;
			children = (
				931263471BAB9AB900498149 /* flappy bird */,
				931263601BAB9AB900498149 /* flappy birdTests */,
				9312636B1BAB9AB900498149 /* flappy birdUITests */,
				931263461BAB9AB900498149 /* Products */,
			);
			sourceTree = "<group>";
		};
		931263461BAB9AB900498149 /* Products */ = {
			isa = PBXGroup;
			children = (
				931263451BAB9AB900498149 /* flappy bird.app */,
				9312635D1BAB9AB900498149 /* flappy birdTests.xctest */,
				931263681BAB9AB900498149 /* flappy birdUITests.xctest */,
			);
			name = Products;
			sourceTree = "<group>";
		};
		931263471BAB9AB900498149 /* flappy bird */ = {
			isa = PBXGroup;
			children = (
				931263481BAB9AB900498149 /* AppDelegate.swift */,
				9312634A1BAB9AB900498149 /* GameScene.sks */,
				9312634C1BAB9AB900498149 /* GameScene.swift */,
				9312634E1BAB9AB900498149 /* GameViewController.swift */,
				931263501BAB9AB900498149 /* Main.storyboard */,
				931263531BAB9AB900498149 /* Assets.xcassets */,
				931263551BAB9AB900498149 /* LaunchScreen.storyboard */,
				931263581BAB9AB900498149 /* Info.plist */,
			);
			path = "flappy bird";
			sourceTree = "<group>";
		};
		931263601BAB9AB900498149 /* flappy birdTests */ = {
			isa = PBXGroup;
			children = (
				931263611BAB9AB900498149 /* flappy_birdTests.swift */,
				931263631BAB9AB900498149 /* Info.plist */,
			);
			path = "flappy birdTests";
			sourceTree = "<group>";
		};
		9312636B1BAB9AB900498149 /* flappy birdUITests */ = {
			isa = PBXGroup;
			children = (
				9312636C1BAB9AB900498149 /* flappy_birdUITests.swift */,
				9312636E1BAB9AB900498149 /* Info.plist */,
			);
			path = "flappy birdUITests";
			sourceTree = "<group>";
		};
/* End PBXGroup section */

/* Begin PBXNativeTarget section */
		931263441BAB9AB900498149 /* flappy bird */ = {
			isa = PBXNativeTarget;
			buildConfigurationList = 931263711BAB9AB900498149 /* Build configuration list for PBXNativeTarget "flappy bird" */;
			buildPhases = (
				931263411BAB9AB900498149 /* Sources */,
				931263421BAB9AB900498149 /* Frameworks */,
				931263431BAB9AB900498149 /* Resources */,
			);
			buildRules = (
			);
			dependencies = (
			);
			name = "flappy bird";
			productName = "flappy bird";
			productReference = 931263451BAB9AB900498149 /* flappy bird.app */;
			productType = "com.apple.product-type.application";
		};
		9312635C1BAB9AB900498149 /* flappy birdTests */ = {
			isa = PBXNativeTarget;
			buildConfigurationList = 931263741BAB9AB900498149 /* Build configuration list for PBXNativeTarget "flappy birdTests" */;
			buildPhases = (
				931263591BAB9AB900498149 /* Sources */,
				9312635A1BAB9AB900498149 /* Frameworks */,
				9312635B1BAB9AB900498149 /* Resources */,
			);
			buildRules = (
			);
			dependencies = (
				9312635F1BAB9AB900498149 /* PBXTargetDependency */,
			);
			name = "flappy birdTests";
			productName = "flappy birdTests";
			productReference = 9312635D1BAB9AB900498149 /* flappy birdTests.xctest */;
			productType = "com.apple.product-type.bundle.unit-test";
		};
		931263671BAB9AB900498149 /* flappy birdUITests */ = {
			isa = PBXNativeTarget;
			buildConfigurationList = 931263771BAB9AB900498149 /* Build configuration list for PBXNativeTarget "flappy birdUITests" */;
			buildPhases = (
				931263641BAB9AB900498149 /* Sources */,
				931263651BAB9AB900498149 /* Frameworks */,
				931263661BAB9AB900498149 /* Resources */,
			);
			buildRules = (
			);
			dependencies = (
				9312636A1BAB9AB900498149 /* PBXTargetDependency */,
			);
			name = "flappy birdUITests";
			productName = "flappy birdUITests";
			productReference = 931263681BAB9AB900498149 /* flappy birdUITests.xctest */;
			productType = "com.apple.product-type.bundle.ui-testing";
		};
/* End PBXNativeTarget section */

/* Begin PBXProject section */
		9312633D1BAB9AB900498149 /* Project object */ = {
			isa = PBXProject;
			attributes = {
				LastUpgradeCheck = 0700;
				ORGANIZATIONNAME = "A.R.C software and enginering";
				TargetAttributes = {
					931263441BAB9AB900498149 = {
						CreatedOnToolsVersion = 7.0;
					};
					9312635C1BAB9AB900498149 = {
						CreatedOnToolsVersion = 7.0;
						TestTargetID = 931263441BAB9AB900498149;
					};
					931263671BAB9AB900498149 = {
						CreatedOnToolsVersion = 7.0;
						TestTargetID = 931263441BAB9AB900498149;
					};
				};
			};
			buildConfigurationList = 931263401BAB9AB900498149 /* Build configuration list for PBXProject "flappy bird" */;
			compatibilityVersion = "Xcode 3.2";
			developmentRegion = English;
			hasScannedForEncodings = 0;
			knownRegions = (
				en,
				Base,
			);
			mainGroup = 9312633C1BAB9AB900498149;
			productRefGroup = 931263461BAB9AB900498149 /* Products */;
			projectDirPath = "";
			projectRoot = "";
			targets = (
				931263441BAB9AB900498149 /* flappy bird */,
				9312635C1BAB9AB900498149 /* flappy birdTests */,
				931263671BAB9AB900498149 /* flappy birdUITests */,
			);
		};
/* End PBXProject section */

/* Begin PBXResourcesBuildPhase section */
		931263431BAB9AB900498149 /* Resources */ = {
			isa = PBXResourcesBuildPhase;
			buildActionMask = 2147483647;
			files = (
				9312634B1BAB9AB900498149 /* GameScene.sks in Resources */,
				931263571BAB9AB900498149 /* LaunchScreen.storyboard in Resources */,
				931263541BAB9AB900498149 /* Assets.xcassets in Resources */,
				931263521BAB9AB900498149 /* Main.storyboard in Resources */,
			);
			runOnlyForDeploymentPostprocessing = 0;
		};
		9312635B1BAB9AB900498149 /* Resources */ = {
			isa = PBXResourcesBuildPhase;
			buildActionMask = 2147483647;
			files = (
			);
			runOnlyForDeploymentPostprocessing = 0;
		};
		931263661BAB9AB900498149 /* Resources */ = {
			isa = PBXResourcesBuildPhase;
			buildActionMask = 2147483647;
			files = (
			);
			runOnlyForDeploymentPostprocessing = 0;
		};
/* End PBXResourcesBuildPhase section */

/* Begin PBXSourcesBuildPhase section */
		931263411BAB9AB900498149 /* Sources */ = {
			isa = PBXSourcesBuildPhase;
			buildActionMask = 2147483647;
			files = (
				9312634D1BAB9AB900498149 /* GameScene.swift in Sources */,
				9312634F1BAB9AB900498149 /* GameViewController.swift in Sources */,
				931263491BAB9AB900498149 /* AppDelegate.swift in Sources */,
			);
			runOnlyForDeploymentPostprocessing = 0;
		};
		931263591BAB9AB900498149 /* Sources */ = {
			isa = PBXSourcesBuildPhase;
			buildActionMask = 2147483647;
			files = (
				931263621BAB9AB900498149 /* flappy_birdTests.swift in Sources */,
			);
			runOnlyForDeploymentPostprocessing = 0;
		};
		931263641BAB9AB900498149 /* Sources */ = {
			isa = PBXSourcesBuildPhase;
			buildActionMask = 2147483647;
			files = (
				9312636D1BAB9AB900498149 /* flappy_birdUITests.swift in Sources */,
			);
			runOnlyForDeploymentPostprocessing = 0;
		};
/* End PBXSourcesBuildPhase section */

/* Begin PBXTargetDependency section */
		9312635F1BAB9AB900498149 /* PBXTargetDependency */ = {
			isa = PBXTargetDependency;
			target = 931263441BAB9AB900498149 /* flappy bird */;
			targetProxy = 9312635E1BAB9AB900498149 /* PBXContainerItemProxy */;
		};
		9312636A1BAB9AB900498149 /* PBXTargetDependency */ = {
			isa = PBXTargetDependency;
			target = 931263441BAB9AB900498149 /* flappy bird */;
			targetProxy = 931263691BAB9AB900498149 /* PBXContainerItemProxy */;
		};
/* End PBXTargetDependency section */

/* Begin PBXVariantGroup section */
		931263501BAB9AB900498149 /* Main.storyboard */ = {
			isa = PBXVariantGroup;
			children = (
				931263511BAB9AB900498149 /* Base */,
			);
			name = Main.storyboard;
			sourceTree = "<group>";
		};
		931263551BAB9AB900498149 /* LaunchScreen.storyboard */ = {
			isa = PBXVariantGroup;
			children = (
				931263561BAB9AB900498149 /* Base */,
			);
			name = LaunchScreen.storyboard;
			sourceTree = "<group>";
		};
/* End PBXVariantGroup section */

/* Begin XCBuildConfiguration section */
		9312636F1BAB9AB900498149 /* Debug */ = {
			isa = XCBuildConfiguration;
			buildSettings = {
				ALWAYS_SEARCH_USER_PATHS = NO;
				CLANG_CXX_LANGUAGE_STANDARD = "gnu++0x";
				CLANG_CXX_LIBRARY = "libc++";
				CLANG_ENABLE_MODULES = YES;
				CLANG_ENABLE_OBJC_ARC = YES;
				CLANG_WARN_BOOL_CONVERSION = YES;
				CLANG_WARN_CONSTANT_CONVERSION = YES;
				CLANG_WARN_DIRECT_OBJC_ISA_USAGE = YES_ERROR;
				CLANG_WARN_EMPTY_BODY = YES;
				CLANG_WARN_ENUM_CONVERSION = YES;
				CLANG_WARN_INT_CONVERSION = YES;
				CLANG_WARN_OBJC_ROOT_CLASS = YES_ERROR;
				CLANG_WARN_UNREACHABLE_CODE = YES;
				CLANG_WARN__DUPLICATE_METHOD_MATCH = YES;
				"CODE_SIGN_IDENTITY[sdk=iphoneos*]" = "iPhone Developer";
				COPY_PHASE_STRIP = NO;
				DEBUG_INFORMATION_FORMAT = "dwarf-with-dsym";
				ENABLE_STRICT_OBJC_MSGSEND = YES;
				ENABLE_TESTABILITY = YES;
				GCC_C_LANGUAGE_STANDARD = gnu99;
				GCC_DYNAMIC_NO_PIC = NO;
				GCC_NO_COMMON_BLOCKS = YES;
				GCC_OPTIMIZATION_LEVEL = 0;
				GCC_PREPROCESSOR_DEFINITIONS = (
					"DEBUG=1",
					"$(inherited)",
				);
				GCC_WARN_64_TO_32_BIT_CONVERSION = YES;
				GCC_WARN_ABOUT_RETURN_TYPE = YES_ERROR;
				GCC_WARN_UNDECLARED_SELECTOR = YES;
				GCC_WARN_UNINITIALIZED_AUTOS = YES_AGGRESSIVE;
				GCC_WARN_UNUSED_FUNCTION = YES;
				GCC_WARN_UNUSED_VARIABLE = YES;
				IPHONEOS_DEPLOYMENT_TARGET = 9.0;
				MTL_ENABLE_DEBUG_INFO = YES;
				ONLY_ACTIVE_ARCH = YES;
				SDKROOT = iphoneos;
				SWIFT_OPTIMIZATION_LEVEL = "-Onone";
			};
			name = Debug;
		};
		931263701BAB9AB900498149 /* Release */ = {
			isa = XCBuildConfiguration;
			buildSettings = {
				ALWAYS_SEARCH_USER_PATHS = NO;
				CLANG_CXX_LANGUAGE_STANDARD = "gnu++0x";
				CLANG_CXX_LIBRARY = "libc++";
				CLANG_ENABLE_MODULES = YES;
				CLANG_ENABLE_OBJC_ARC = YES;
				CLANG_WARN_BOOL_CONVERSION = YES;
				CLANG_WARN_CONSTANT_CONVERSION = YES;
				CLANG_WARN_DIRECT_OBJC_ISA_USAGE = YES_ERROR;
				CLANG_WARN_EMPTY_BODY = YES;
				CLANG_WARN_ENUM_CONVERSION = YES;
				CLANG_WARN_INT_CONVERSION = YES;
				CLANG_WARN_OBJC_ROOT_CLASS = YES_ERROR;
				CLANG_WARN_UNREACHABLE_CODE = YES;
				CLANG_WARN__DUPLICATE_METHOD_MATCH = YES;
				"CODE_SIGN_IDENTITY[sdk=iphoneos*]" = "iPhone Developer";
				COPY_PHASE_STRIP = NO;
				DEBUG_INFORMATION_FORMAT = "dwarf-with-dsym";
				ENABLE_NS_ASSERTIONS = NO;
				ENABLE_STRICT_OBJC_MSGSEND = YES;
				GCC_C_LANGUAGE_STANDARD = gnu99;
				GCC_NO_COMMON_BLOCKS = YES;
				GCC_WARN_64_TO_32_BIT_CONVERSION = YES;
				GCC_WARN_ABOUT_RETURN_TYPE = YES_ERROR;
				GCC_WARN_UNDECLARED_SELECTOR = YES;
				GCC_WARN_UNINITIALIZED_AUTOS = YES_AGGRESSIVE;
				GCC_WARN_UNUSED_FUNCTION = YES;
				GCC_WARN_UNUSED_VARIABLE = YES;
				IPHONEOS_DEPLOYMENT_TARGET = 9.0;
				MTL_ENABLE_DEBUG_INFO = NO;
				SDKROOT = iphoneos;
				VALIDATE_PRODUCT = YES;
			};
			name = Release;
		};
		931263721BAB9AB900498149 /* Debug */ = {
			isa = XCBuildConfiguration;
			buildSettings = {
				ASSETCATALOG_COMPILER_APPICON_NAME = AppIcon;
				INFOPLIST_FILE = "flappy bird/Info.plist";
				LD_RUNPATH_SEARCH_PATHS = "$(inherited) @executable_path/Frameworks";
				PRODUCT_BUNDLE_IDENTIFIER = "com.arc.contakt.flappy-bird";
				PRODUCT_NAME = "$(TARGET_NAME)";
			};
			name = Debug;
		};
		931263731BAB9AB900498149 /* Release */ = {
			isa = XCBuildConfiguration;
			buildSettings = {
				ASSETCATALOG_COMPILER_APPICON_NAME = AppIcon;
				INFOPLIST_FILE = "flappy bird/Info.plist";
				LD_RUNPATH_SEARCH_PATHS = "$(inherited) @executable_path/Frameworks";
				PRODUCT_BUNDLE_IDENTIFIER = "com.arc.contakt.flappy-bird";
				PRODUCT_NAME = "$(TARGET_NAME)";
			};
			name = Release;
		};
		931263751BAB9AB900498149 /* Debug */ = {
			isa = XCBuildConfiguration;
			buildSettings = {
				BUNDLE_LOADER = "$(TEST_HOST)";
				DEBUG_INFORMATION_FORMAT = dwarf;
				INFOPLIST_FILE = "flappy birdTests/Info.plist";
				LD_RUNPATH_SEARCH_PATHS = "$(inherited) @executable_path/Frameworks @loader_path/Frameworks";
				PRODUCT_BUNDLE_IDENTIFIER = "com.arc.contakt.flappy-birdTests";
				PRODUCT_NAME = "$(TARGET_NAME)";
				TEST_HOST = "$(BUILT_PRODUCTS_DIR)/flappy bird.app/flappy bird";
			};
			name = Debug;
		};
		931263761BAB9AB900498149 /* Release */ = {
			isa = XCBuildConfiguration;
			buildSettings = {
				BUNDLE_LOADER = "$(TEST_HOST)";
				INFOPLIST_FILE = "flappy birdTests/Info.plist";
				LD_RUNPATH_SEARCH_PATHS = "$(inherited) @executable_path/Frameworks @loader_path/Frameworks";
				PRODUCT_BUNDLE_IDENTIFIER = "com.arc.contakt.flappy-birdTests";
				PRODUCT_NAME = "$(TARGET_NAME)";
				TEST_HOST = "$(BUILT_PRODUCTS_DIR)/flappy bird.app/flappy bird";
			};
			name = Release;
		};
		931263781BAB9AB900498149 /* Debug */ = {
			isa = XCBuildConfiguration;
			buildSettings = {
				DEBUG_INFORMATION_FORMAT = dwarf;
				INFOPLIST_FILE = "flappy birdUITests/Info.plist";
				LD_RUNPATH_SEARCH_PATHS = "$(inherited) @executable_path/Frameworks @loader_path/Frameworks";
				PRODUCT_BUNDLE_IDENTIFIER = "com.arc.contakt.flappy-birdUITests";
				PRODUCT_NAME = "$(TARGET_NAME)";
				TEST_TARGET_NAME = "flappy bird";
				USES_XCTRUNNER = YES;
			};
			name = Debug;
		};
		931263791BAB9AB900498149 /* Release */ = {
			isa = XCBuildConfiguration;
			buildSettings = {
				INFOPLIST_FILE = "flappy birdUITests/Info.plist";
				LD_RUNPATH_SEARCH_PATHS = "$(inherited) @executable_path/Frameworks @loader_path/Frameworks";
				PRODUCT_BUNDLE_IDENTIFIER = "com.arc.contakt.flappy-birdUITests";
				PRODUCT_NAME = "$(TARGET_NAME)";
				TEST_TARGET_NAME = "flappy bird";
				USES_XCTRUNNER = YES;
			};
			name = Release;
		};
/* End XCBuildConfiguration section */

/* Begin XCConfigurationList section */
		931263401BAB9AB900498149 /* Build configuration list for PBXProject "flappy bird" */ = {
			isa = XCConfigurationList;
			buildConfigurations = (
				9312636F1BAB9AB900498149 /* Debug */,
				931263701BAB9AB900498149 /* Release */,
			);
			defaultConfigurationIsVisible = 0;
			defaultConfigurationName = Release;
		};
		931263711BAB9AB900498149 /* Build configuration list for PBXNativeTarget "flappy bird" */ = {
			isa = XCConfigurationList;
			buildConfigurations = (
				931263721BAB9AB900498149 /* Debug */,
				931263731BAB9AB900498149 /* Release */,
			);
			defaultConfigurationIsVisible = 0;
		};
		931263741BAB9AB900498149 /* Build configuration list for PBXNativeTarget "flappy birdTests" */ = {
			isa = XCConfigurationList;
			buildConfigurations = (
				931263751BAB9AB900498149 /* Debug */,
				931263761BAB9AB900498149 /* Release */,
			);
			defaultConfigurationIsVisible = 0;
		};
		931263771BAB9AB900498149 /* Build configuration list for PBXNativeTarget "flappy birdUITests" */ = {
			isa = XCConfigurationList;
			buildConfigurations = (
				931263781BAB9AB900498149 /* Debug */,
				931263791BAB9AB900498149 /* Release */,
			);
			defaultConfigurationIsVisible = 0;
		};
/* End XCConfigurationList section */
	};
	rootObject = 9312633D1BAB9AB900498149 /* Project object */;
}
